{
    "_meta": {
        "hash": {
            "sha256": "168dcbea1a0fef7de301200e8beebaac2a7c884dcb59f6927d00c44489bc23c1"
        },
        "pipfile-spec": 6,
        "requires": {
            "python_version": "3.11"
        },
        "sources": [
            {
                "name": "pypi",
                "url": "https://pypi.org/simple",
                "verify_ssl": true
            }
        ]
    },
    "default": {
        "asgiref": {
            "hashes": [
                "sha256:3e1e3ecc849832fe52ccf2cb6686b7a55f82bb1d6aee72a58826471390335e47",
                "sha256:c343bd80a0bec947a9860adb4c432ffa7db769836c64238fc34bdc3fec84d590"
            ],
            "markers": "python_version >= '3.8'",
            "version": "==3.8.1"
        },
        "django": {
            "hashes": [
                "sha256:848a5980e8efb76eea70872fb0e4bc5e371619c70fffbe48e3e1b50b2c09455d",
                "sha256:d3b811bf5371a26def053d7ee42a9df1267ef7622323fe70a601936725aa4557"
            ],
            "index": "pypi",
            "version": "==5.1"
        },
        "django-jalali-date": {
            "hashes": [
                "sha256:7b0639e3594f34bc4458f5d371e3c072fda06bccacc5f68c751df3ce3d111ed3",
                "sha256:9610c0f24c6ce49b5f0d47863c7be1b7bfa12935664ca89a420690fd641a1f3a"
            ],
            "index": "pypi",
            "version": "==1.1.3"
        },
        "jalali-core": {
            "hashes": [
                "sha256:84e6f5090eadfb35234f24fad084be831d00da3c0b238ee001e8a1fd49bf7924",
                "sha256:f4287c70c630323dcf0a3ab26df905ba4d451e230ac1f65b3bb2f77797894a2b"
            ],
            "markers": "python_version >= '3.8'",
            "version": "==1.0.0"
        },
        "jdatetime": {
            "hashes": [
                "sha256:2cc603d913c0d8e328928454d3d295261cb037e9950227f67c9629ab4710fdf9",
                "sha256:37e23c710d7e9bde7c37d0cc3ff9e273323889790e902a1ef3ad99148f094fb9"
            ],
            "markers": "python_version >= '3.8'",
            "version": "==5.0.0"
        },
        "pytz": {
            "hashes": [
                "sha256:2a29735ea9c18baf14b448846bde5a48030ed267578472d8955cd0e7443a9812",
                "sha256:328171f4e3623139da4983451950b28e95ac706e13f3f2630a879749e7a8b319"
            ],
            "index": "pypi",
            "version": "==2024.1"
        },
        "sqlparse": {
            "hashes": [
                "sha256:773dcbf9a5ab44a090f3441e2180efe2560220203dc2f8c0b0fa141e18b505e4",
                "sha256:bb6b4df465655ef332548e24f08e205afc81b9ab86cb1c45657a7ff173a3a00e"
            ],
            "markers": "python_version >= '3.8'",
            "version": "==0.5.1"
        },
        "tzdata": {
            "hashes": [
                "sha256:2674120f8d891909751c38abcdfd386ac0a5a1127954fbc332af6b5ceae07efd",
                "sha256:9068bc196136463f5245e51efda838afa15aaeca9903f49050dfa2679db4d252"
            ],
            "markers": "sys_platform == 'win32'",
            "version": "==2024.1"
        }
    },
    "develop": {}
}
